
Microsoft Visual Studio Solution File, Format Version 12.00
# Visual Studio Version 17
VisualStudioVersion = 17.11.35327.3
MinimumVisualStudioVersion = 10.0.40219.1
Project("{9A19103F-16F7-4668-BE54-9A1E7A4F7556}") = "FakeBookData", "FakeBookData\FakeBookData.csproj", "{265F14DD-8E2B-472F-AC84-46746EDFEB09}"
EndProject
Project("{9A19103F-16F7-4668-BE54-9A1E7A4F7556}") = "FakeBookData.Domain", "FakeBookData.Domain\FakeBookData.Domain.csproj", "{41CB4E53-F7B3-4B60-8043-5D7515AE9758}"
EndProject
Project("{9A19103F-16F7-4668-BE54-9A1E7A4F7556}") = "FakeBookData.Application", "FakeBookData.Application\FakeBookData.Application.csproj", "{FD14602D-8F70-425D-87FB-3FDC784A6565}"
EndProject
Global
	GlobalSection(SolutionConfigurationPlatforms) = preSolution
		Debug|Any CPU = Debug|Any CPU
		Release|Any CPU = Release|Any CPU
	EndGlobalSection
	GlobalSection(ProjectConfigurationPlatforms) = postSolution
		{265F14DD-8E2B-472F-AC84-46746EDFEB09}.Debug|Any CPU.ActiveCfg = Debug|Any CPU
		{265F14DD-8E2B-472F-AC84-46746EDFEB09}.Debug|Any CPU.Build.0 = Debug|Any CPU
		{265F14DD-8E2B-472F-AC84-46746EDFEB09}.Release|Any CPU.ActiveCfg = Release|Any CPU
		{265F14DD-8E2B-472F-AC84-46746EDFEB09}.Release|Any CPU.Build.0 = Release|Any CPU
		{41CB4E53-F7B3-4B60-8043-5D7515AE9758}.Debug|Any CPU.ActiveCfg = Debug|Any CPU
		{41CB4E53-F7B3-4B60-8043-5D7515AE9758}.Debug|Any CPU.Build.0 = Debug|Any CPU
		{41CB4E53-F7B3-4B60-8043-5D7515AE9758}.Release|Any CPU.ActiveCfg = Release|Any CPU
		{41CB4E53-F7B3-4B60-8043-5D7515AE9758}.Release|Any CPU.Build.0 = Release|Any CPU
		{FD14602D-8F70-425D-87FB-3FDC784A6565}.Debug|Any CPU.ActiveCfg = Debug|Any CPU
		{FD14602D-8F70-425D-87FB-3FDC784A6565}.Debug|Any CPU.Build.0 = Debug|Any CPU
		{FD14602D-8F70-425D-87FB-3FDC784A6565}.Release|Any CPU.ActiveCfg = Release|Any CPU
		{FD14602D-8F70-425D-87FB-3FDC784A6565}.Release|Any CPU.Build.0 = Release|Any CPU
	EndGlobalSection
	GlobalSection(SolutionProperties) = preSolution
		HideSolutionNode = FALSE
	EndGlobalSection
	GlobalSection(ExtensibilityGlobals) = postSolution
		SolutionGuid = {7A3D7B2D-A723-4149-BDD9-26EF36AE365D}
	EndGlobalSection
EndGlobal
